
Microsoft Visual Studio Solution File, Format Version 12.00
# Visual Studio 15
VisualStudioVersion = 15.0.27703.2042
MinimumVisualStudioVersion = 10.0.40219.1
Project("{FAE04EC0-301F-11D3-BF4B-00C04F79EFBC}") = "GGOHud", "GGOHud.csproj", "{8267830A-91F3-405F-90FE-3A3D940B18B0}"
EndProject
Global
	GlobalSection(SolutionConfigurationPlatforms) = preSolution
		Debug|x64 = Debug|x64
		Release|x64 = Release|x64
	EndGlobalSection
	GlobalSection(ProjectConfigurationPlatforms) = postSolution
		{8267830A-91F3-405F-90FE-3A3D940B18B0}.Debug|x64.ActiveCfg = Debug|x64
		{8267830A-91F3-405F-90FE-3A3D940B18B0}.Debug|x64.Build.0 = Debug|x64
		{8267830A-91F3-405F-90FE-3A3D940B18B0}.Release|x64.ActiveCfg = Release|x64
		{8267830A-91F3-405F-90FE-3A3D940B18B0}.Release|x64.Build.0 = Release|x64
	EndGlobalSection
	GlobalSection(SolutionProperties) = preSolution
		HideSolutionNode = FALSE
	EndGlobalSection
	GlobalSection(ExtensibilityGlobals) = postSolution
		SolutionGuid = {9EE47159-24FD-48EE-820E-81861A3706DE}
	EndGlobalSection
EndGlobal
